
Microsoft Visual Studio Solution File, Format Version 12.00
# Visual Studio Version 17
VisualStudioVersion = 17.1.32421.90
MinimumVisualStudioVersion = 10.0.40219.1
Project("{FAE04EC0-301F-11D3-BF4B-00C04F79EFBC}") = "MssqlAddBook33-16", "MssqlAddBook33-16.csproj", "{BFD8D7EA-39A8-4CA9-8956-30B2420A0B59}"
EndProject
Project("{FAE04EC0-301F-11D3-BF4B-00C04F79EFBC}") = "TestProject33", "TestProject33\TestProject33.csproj", "{5EEFB9EA-06BF-448F-9338-8AE22F8FFA90}"
EndProject
Global
	GlobalSection(SolutionConfigurationPlatforms) = preSolution
		Debug|Any CPU = Debug|Any CPU
		Release|Any CPU = Release|Any CPU
	EndGlobalSection
	GlobalSection(ProjectConfigurationPlatforms) = postSolution
		{BFD8D7EA-39A8-4CA9-8956-30B2420A0B59}.Debug|Any CPU.ActiveCfg = Debug|Any CPU
		{BFD8D7EA-39A8-4CA9-8956-30B2420A0B59}.Debug|Any CPU.Build.0 = Debug|Any CPU
		{BFD8D7EA-39A8-4CA9-8956-30B2420A0B59}.Release|Any CPU.ActiveCfg = Release|Any CPU
		{BFD8D7EA-39A8-4CA9-8956-30B2420A0B59}.Release|Any CPU.Build.0 = Release|Any CPU
		{5EEFB9EA-06BF-448F-9338-8AE22F8FFA90}.Debug|Any CPU.ActiveCfg = Debug|Any CPU
		{5EEFB9EA-06BF-448F-9338-8AE22F8FFA90}.Debug|Any CPU.Build.0 = Debug|Any CPU
		{5EEFB9EA-06BF-448F-9338-8AE22F8FFA90}.Release|Any CPU.ActiveCfg = Release|Any CPU
		{5EEFB9EA-06BF-448F-9338-8AE22F8FFA90}.Release|Any CPU.Build.0 = Release|Any CPU
	EndGlobalSection
	GlobalSection(SolutionProperties) = preSolution
		HideSolutionNode = FALSE
	EndGlobalSection
	GlobalSection(ExtensibilityGlobals) = postSolution
		SolutionGuid = {0DA4DE76-FB2D-4E19-8DAD-0E797B4E887C}
	EndGlobalSection
EndGlobal
